# THIS IS AN AUTOGENERATED FILE. DO NOT EDIT THIS FILE DIRECTLY.
# yarn lockfile v1


clsx@^2.1.1:
  version "2.1.1"
  resolved "https://registry.yarnpkg.com/clsx/-/clsx-2.1.1.tgz#eed397c9fd8bd882bfb18deab7102049a2f32999"
  integrity sha512-eYm0QWBtUrBWZWG0d386OGAw16Z995PiOVo2B7bjWSbHedGl5e0ZWaq65kOGgUSNesEIDkB9ISbTg/JK9dhCZA==

react-toastify@^11.1.0:
  version "11.1.0"
  resolved "https://registry.yarnpkg.com/react-toastify/-/react-toastify-11.1.0.tgz#3d3c73a44d5cac868ee9a52e0f90dd706532c4a4"
  integrity sha512-e9h23x3phN0wbFeB6yovmWp7lobzV4CaCH0LO8nVP6H7Y+3GbcLpIzMm9dJhcp1RXbpyfvjgpfXqO80QAmn7sg==
  dependencies:
    clsx "^2.1.1"
